
Microsoft Visual Studio Solution File, Format Version 12.00
# Visual Studio Version 16
VisualStudioVersion = 16.0.31613.86
MinimumVisualStudioVersion = 10.0.40219.1
Project("{FAE04EC0-301F-11D3-BF4B-00C04F79EFBC}") = "EFTranslatable", "EFTranslatable.csproj", "{F8940024-4FFF-4E83-B888-30C16833BE05}"
EndProject
Global
	GlobalSection(SolutionConfigurationPlatforms) = preSolution
		Debug|Any CPU = Debug|Any CPU
		Release|Any CPU = Release|Any CPU
	EndGlobalSection
	GlobalSection(ProjectConfigurationPlatforms) = postSolution
		{F8940024-4FFF-4E83-B888-30C16833BE05}.Debug|Any CPU.ActiveCfg = Debug|Any CPU
		{F8940024-4FFF-4E83-B888-30C16833BE05}.Debug|Any CPU.Build.0 = Debug|Any CPU
		{F8940024-4FFF-4E83-B888-30C16833BE05}.Release|Any CPU.ActiveCfg = Release|Any CPU
		{F8940024-4FFF-4E83-B888-30C16833BE05}.Release|Any CPU.Build.0 = Release|Any CPU
	EndGlobalSection
	GlobalSection(SolutionProperties) = preSolution
		HideSolutionNode = FALSE
	EndGlobalSection
	GlobalSection(ExtensibilityGlobals) = postSolution
		SolutionGuid = {18142FDA-8FA1-4694-B149-644227215CF7}
	EndGlobalSection
EndGlobal
